# THIS IS AN AUTOGENERATED FILE. DO NOT EDIT THIS FILE DIRECTLY.
# yarn lockfile v1


cli-table@^0.3.1:
  version "0.3.11"
  resolved "https://registry.yarnpkg.com/cli-table/-/cli-table-0.3.11.tgz#ac69cdecbe81dccdba4889b9a18b7da312a9d3ee"
  integrity sha512-IqLQi4lO0nIB4tcdTpN4LCB9FI3uqrJZK7RC515EnhZ6qBaglkIgICb1wjeAqpdoOabm1+SuQtkXIPdYC93jhQ==
  dependencies:
    colors "1.0.3"

colors@1.0.3:
  version "1.0.3"
  resolved "https://registry.yarnpkg.com/colors/-/colors-1.0.3.tgz#0433f44d809680fdeb60ed260f1b0c262e82a40b"
  integrity sha512-pFGrxThWcWQ2MsAz6RtgeWe4NK2kUE1WfsrvvlctdII745EW9I0yflqhe7++M5LEc7bV2c/9/5zc8sFcpL0Drw==

commander@^2.8.1:
  version "2.20.3"
  resolved "https://registry.yarnpkg.com/commander/-/commander-2.20.3.tgz#fd485e84c03eb4881c20722ba48035e8531aeb33"
  integrity sha512-GpVkmM8vF2vQUkj2LvZmD35JxeJOLCwJ9cUkugyk2nuhbv3+mJvpLYYt+0+USMxE+oj+ey/lJEnhZw75x/OMcQ==

convert-csv-to-json@^1.5.0:
  version "1.5.0"
  resolved "https://registry.yarnpkg.com/convert-csv-to-json/-/convert-csv-to-json-1.5.0.tgz#cd903ec3403d438c1eea29276063a533a5892908"
  integrity sha512-jqhcLPjlaGy2OOOvkUuuiuig1QFBqP5BMeUP6bSIJ/rvXceRMqLFfvR7xri6SQwhdHLtlPCv3MCvmFisla7m/A==

date-fns@^2.29.3:
  version "2.29.3"
  resolved "https://registry.yarnpkg.com/date-fns/-/date-fns-2.29.3.tgz#27402d2fc67eb442b511b70bbdf98e6411cd68a8"
  integrity sha512-dDCnyH2WnnKusqvZZ6+jA1O51Ibt8ZMRNkDZdyAyK4YfbDwa/cEmuztzG5pk6hqlp9aSBPYcjOlktquahGwGeA==

debug@^3.1.0:
  version "3.2.7"
  resolved "https://registry.yarnpkg.com/debug/-/debug-3.2.7.tgz#72580b7e9145fb39b6676f9c5e5fb100b934179a"
  integrity sha512-CFjzYYAi4ThfiQvizrFQevTTXHtnCqWfe7x1AhgEscTz6ZbLbfoLRLPugTQyBth6f8ZERVUSyWHFD/7Wu4t1XQ==
  dependencies:
    ms "^2.1.1"

flat@^4.0.0:
  version "4.1.1"
  resolved "https://registry.yarnpkg.com/flat/-/flat-4.1.1.tgz#a392059cc382881ff98642f5da4dde0a959f309b"
  integrity sha512-FmTtBsHskrU6FJ2VxCnsDb84wu9zhmO3cUX2kGFb5tuwhfXxGciiT0oRY+cck35QmG+NmGh5eLz6lLCpWTqwpA==
  dependencies:
    is-buffer "~2.0.3"

is-buffer@~2.0.3:
  version "2.0.5"
  resolved "https://registry.yarnpkg.com/is-buffer/-/is-buffer-2.0.5.tgz#ebc252e400d22ff8d77fa09888821a24a658c191"
  integrity sha512-i2R6zNFDwgEHJyQUtJEk0XFi1i0dPFn/oqjK3/vPCcDeJvW5NQ83V8QbicfF1SupOaB0h8ntgBC2YiE7dfyctQ==

json-to-csv@^1.0.0:
  version "1.0.0"
  resolved "https://registry.yarnpkg.com/json-to-csv/-/json-to-csv-1.0.0.tgz#4640bf7df930c0ebba6ad13d12a6d42d3b7ea213"
  integrity sha512-qOzFqlzM2E3GitqK2SWGigAf6sGPS+06arFjXJK3sFluWvS4Jol3FcMPBbS3aawQZ11ZuWubFMepl7xiFl4qhQ==
  dependencies:
    json2csv "^3.4.2"
    ramda "^0.21.0"

json2csv@^3.4.2:
  version "3.11.5"
  resolved "https://registry.yarnpkg.com/json2csv/-/json2csv-3.11.5.tgz#088006c3b5c06425a48cb7326ca712a6f8661417"
  integrity sha512-ORsw84BuRKMLxfI+HFZuvxRDnsJps53D5fIGr6tLn4ZY+ymcG8XU00E+JJ2wfAiHx5w2QRNmOLE8xHiGAeSfuQ==
  dependencies:
    cli-table "^0.3.1"
    commander "^2.8.1"
    debug "^3.1.0"
    flat "^4.0.0"
    lodash.clonedeep "^4.5.0"
    lodash.flatten "^4.4.0"
    lodash.get "^4.4.0"
    lodash.set "^4.3.0"
    lodash.uniq "^4.5.0"
    path-is-absolute "^1.0.0"

lodash.clonedeep@^4.5.0:
  version "4.5.0"
  resolved "https://registry.yarnpkg.com/lodash.clonedeep/-/lodash.clonedeep-4.5.0.tgz#e23f3f9c4f8fbdde872529c1071857a086e5ccef"
  integrity sha512-H5ZhCF25riFd9uB5UCkVKo61m3S/xZk1x4wA6yp/L3RFP6Z/eHH1ymQcGLo7J3GMPfm0V/7m1tryHuGVxpqEBQ==

lodash.flatten@^4.4.0:
  version "4.4.0"
  resolved "https://registry.yarnpkg.com/lodash.flatten/-/lodash.flatten-4.4.0.tgz#f31c22225a9632d2bbf8e4addbef240aa765a61f"
  integrity sha512-C5N2Z3DgnnKr0LOpv/hKCgKdb7ZZwafIrsesve6lmzvZIRZRGaZ/l6Q8+2W7NaT+ZwO3fFlSCzCzrDCFdJfZ4g==

lodash.get@^4.4.0:
  version "4.4.2"
  resolved "https://registry.yarnpkg.com/lodash.get/-/lodash.get-4.4.2.tgz#2d177f652fa31e939b4438d5341499dfa3825e99"
  integrity sha512-z+Uw/vLuy6gQe8cfaFWD7p0wVv8fJl3mbzXh33RS+0oW2wvUqiRXiQ69gLWSLpgB5/6sU+r6BlQR0MBILadqTQ==

lodash.set@^4.3.0:
  version "4.3.2"
  resolved "https://registry.yarnpkg.com/lodash.set/-/lodash.set-4.3.2.tgz#d8757b1da807dde24816b0d6a84bea1a76230b23"
  integrity sha512-4hNPN5jlm/N/HLMCO43v8BXKq9Z7QdAGc/VGrRD61w8gN9g/6jF9A4L1pbUgBLCffi0w9VsXfTOij5x8iTyFvg==

lodash.uniq@^4.5.0:
  version "4.5.0"
  resolved "https://registry.yarnpkg.com/lodash.uniq/-/lodash.uniq-4.5.0.tgz#d0225373aeb652adc1bc82e4945339a842754773"
  integrity sha512-xfBaXQd9ryd9dlSDvnvI0lvxfLJlYAZzXomUYzLKtUeOQvOP5piqAWuGtrhWeqaXK9hhoM/iyJc5AV+XfsX3HQ==

lodash@^4.17.21:
  version "4.17.21"
  resolved "https://registry.yarnpkg.com/lodash/-/lodash-4.17.21.tgz#679591c564c3bffaae8454cf0b3df370c3d6911c"
  integrity sha512-v2kDEe57lecTulaDIuNTPy3Ry4gLGJ6Z1O3vE1krgXZNrsQ+LFTGHVxVjcXPs17LhbZVGedAJv8XZ1tvj5FvSg==

minimist@^1.2.7:
  version "1.2.7"
  resolved "https://registry.yarnpkg.com/minimist/-/minimist-1.2.7.tgz#daa1c4d91f507390437c6a8bc01078e7000c4d18"
  integrity sha512-bzfL1YUZsP41gmu/qjrEk0Q6i2ix/cVeAhbCbqH9u3zYutS1cLg00qhrD0M2MVdCcx4Sc0UpP2eBWo9rotpq6g==

ms@^2.1.1:
  version "2.1.3"
  resolved "https://registry.yarnpkg.com/ms/-/ms-2.1.3.tgz#574c8138ce1d2b5861f0b44579dbadd60c6615b2"
  integrity sha512-6FlzubTLZG3J2a/NVCAleEhjzq5oxgHyaCU9yYXvcLsvoVaHJq/s5xXI6/XXP6tz7R9xAOtHnSO/tXtF3WRTlA==

path-is-absolute@^1.0.0:
  version "1.0.1"
  resolved "https://registry.yarnpkg.com/path-is-absolute/-/path-is-absolute-1.0.1.tgz#174b9268735534ffbc7ace6bf53a5a9e1b5c5f5f"
  integrity sha512-AVbw3UJ2e9bq64vSaS9Am0fje1Pa8pbGqTTsmXfaIiMpnr5DlDhfJOuLj9Sf95ZPVDAUerDfEk88MPmPe7UCQg==

ramda@^0.21.0:
  version "0.21.0"
  resolved "https://registry.yarnpkg.com/ramda/-/ramda-0.21.0.tgz#a001abedb3ff61077d4ff1d577d44de77e8d0a35"
  integrity sha512-HGd5aczYKQXGILB+abY290V7Xz62eFajpa6AtMdwEmQSakJmgSO7ks4eI3HdR34j+X2Vz4Thp9VAJbrCAMbO2w==
